<?xml version="1.0" encoding="utf-8"?>
<Project ToolsVersion="4.0" xmlns="http://schemas.microsoft.com/developer/msbuild/2003">
  <ItemGroup>
    <Filter Include="base">
      <UniqueIdentifier>{F0010000-0000-0000-0000-000000000001}</UniqueIdentifier>
    </Filter>
    <Filter Include="manager">
      <UniqueIdentifier>{F0010000-0000-0000-0000-000000000002}</UniqueIdentifier>
    </Filter>
    <Filter Include="ui">
      <UniqueIdentifier>{F0010000-0000-0000-0000-000000000003}</UniqueIdentifier>
    </Filter>
    <Filter Include="root">
      <UniqueIdentifier>{F0010000-0000-0000-0000-000000000004}</UniqueIdentifier>
    </Filter>
  </ItemGroup>

  <ItemGroup>
    <!-- base -->
    <ClCompile Include="base\database.cpp">
      <Filter>base</Filter>
    </ClCompile>
    <ClCompile Include="base\table.cpp">
      <Filter>base</Filter>
    </ClCompile>
    <ClCompile Include="base\Record.cpp">
      <Filter>base</Filter>
    </ClCompile>
    <ClCompile Include="base\user.cpp">
      <Filter>base</Filter>
    </ClCompile>
    <ClInclude Include="base\database.h">
      <Filter>base</Filter>
    </ClInclude>
    <ClInclude Include="base\table.h">
      <Filter>base</Filter>
    </ClInclude>
    <ClInclude Include="base\Record.h">
      <Filter>base</Filter>
    </ClInclude>
    <ClInclude Include="base\user.h">
      <Filter>base</Filter>
    </ClInclude>

    <!-- manager -->
    <ClCompile Include="manager\dbManager.cpp">
      <Filter>manager</Filter>
    </ClCompile>
    <ClCompile Include="manager\parse.cpp">
      <Filter>manager</Filter>
    </ClCompile>
    <ClInclude Include="manager\dbManager.h">
      <Filter>manager</Filter>
    </ClInclude>
    <ClInclude Include="manager\parse.h">
      <Filter>manager</Filter>
    </ClInclude>

    <!-- ui -->
    <ClCompile Include="ui\login.cpp">
      <Filter>ui</Filter>
    </ClCompile>
    <ClCompile Include="ui\mainWindow.cpp">
      <Filter>ui</Filter>
    </ClCompile>
    <ClCompile Include="ui\output.cpp">
      <Filter>ui</Filter>
    </ClCompile>
    <ClInclude Include="ui\output.h">
      <Filter>ui</Filter>
    </ClInclude>
    <QtMoc Include="ui\mainWindow.h">
      <Filter>ui</Filter>
    </QtMoc>
    <QtMoc Include="ui\login.h">
      <Filter>ui</Filter>
    </QtMoc>
    <QtUic Include="ui\MainWindow.ui">
      <Filter>ui</Filter>
    </QtUic>
    <QtUic Include="ui\login.ui">
      <Filter>ui</Filter>
    </QtUic>
    <QtUic Include="ui\dbms.ui">
      <Filter>ui</Filter>
    </QtUic>

    <!-- root -->
    <ClCompile Include="main.cpp">
      <Filter>root</Filter>
    </ClCompile>
    <QtRcc Include="dbms.qrc">
      <Filter>root</Filter>
    </QtRcc>
  </ItemGroup>
</Project>
